// !$*UTF8*$!
{
	archiveVersion = 1;
	classes = {
	};
	objectVersion = 46;
	objects = {

/* Begin PBXBuildFile section */
		675679921E3B38F8001B127A /* MemeCollectionViewController.swift in Sources */ = {isa = PBXBuildFile; fileRef = 675679911E3B38F8001B127A /* MemeCollectionViewController.swift */; };
		675679941E3B390B001B127A /* Meme.swift in Sources */ = {isa = PBXBuildFile; fileRef = 675679931E3B390B001B127A /* Meme.swift */; };
		6756799A1E3B3924001B127A /* MemeTableViewCell.swift in Sources */ = {isa = PBXBuildFile; fileRef = 675679991E3B3924001B127A /* MemeTableViewCell.swift */; };
		6756799C1E3B3929001B127A /* MemeTableViewController.swift in Sources */ = {isa = PBXBuildFile; fileRef = 6756799B1E3B3929001B127A /* MemeTableViewController.swift */; };
		6756799E1E3B3942001B127A /* AppDelegate.swift in Sources */ = {isa = PBXBuildFile; fileRef = 6756799D1E3B3942001B127A /* AppDelegate.swift */; };
		675679A01E3B395F001B127A /* Assets.xcassets in Resources */ = {isa = PBXBuildFile; fileRef = 6756799F1E3B395F001B127A /* Assets.xcassets */; };
		675679A21E3B396C001B127A /* Info.plist in Resources */ = {isa = PBXBuildFile; fileRef = 675679A11E3B396C001B127A /* Info.plist */; };
		675679A51E3B3979001B127A /* LaunchScreen.storyboard in Resources */ = {isa = PBXBuildFile; fileRef = 675679A31E3B3979001B127A /* LaunchScreen.storyboard */; };
		675679A61E3B3979001B127A /* Main.storyboard in Resources */ = {isa = PBXBuildFile; fileRef = 675679A41E3B3979001B127A /* Main.storyboard */; };
		675679AC1E3B45ED001B127A /* MemeCollectionViewCell.swift in Sources */ = {isa = PBXBuildFile; fileRef = 675679AB1E3B45ED001B127A /* MemeCollectionViewCell.swift */; };
		675679AE1E3B6EEE001B127A /* MemeDetailViewController.swift in Sources */ = {isa = PBXBuildFile; fileRef = 675679AD1E3B6EEE001B127A /* MemeDetailViewController.swift */; };
		6757A9581E3B993000960EFC /* MemeEditorViewController.swift in Sources */ = {isa = PBXBuildFile; fileRef = 6757A9571E3B993000960EFC /* MemeEditorViewController.swift */; };
		67FB4D731E3C563F008C05B2 /* MemeTextFieldDelegate.swift in Sources */ = {isa = PBXBuildFile; fileRef = 67FB4D721E3C563F008C05B2 /* MemeTextFieldDelegate.swift */; };
		67FB4D751E3C7224008C05B2 /* KeyBoardMove.swift in Sources */ = {isa = PBXBuildFile; fileRef = 67FB4D741E3C7224008C05B2 /* KeyBoardMove.swift */; };
/* End PBXBuildFile section */

/* Begin PBXFileReference section */
		675679911E3B38F8001B127A /* MemeCollectionViewController.swift */ = {isa = PBXFileReference; fileEncoding = 4; lastKnownFileType = sourcecode.swift; name = MemeCollectionViewController.swift; path = MemeMe/MemeCollectionViewController.swift; sourceTree = "<group>"; };
		675679931E3B390B001B127A /* Meme.swift */ = {isa = PBXFileReference; fileEncoding = 4; lastKnownFileType = sourcecode.swift; name = Meme.swift; path = ../../.Trash/Meme.swift; sourceTree = "<group>"; };
		675679991E3B3924001B127A /* MemeTableViewCell.swift */ = {isa = PBXFileReference; fileEncoding = 4; lastKnownFileType = sourcecode.swift; name = MemeTableViewCell.swift; path = MemeMe/MemeTableViewCell.swift; sourceTree = "<group>"; };
		6756799B1E3B3929001B127A /* MemeTableViewController.swift */ = {isa = PBXFileReference; fileEncoding = 4; lastKnownFileType = sourcecode.swift; name = MemeTableViewController.swift; path = MemeMe/MemeTableViewController.swift; sourceTree = "<group>"; };
		6756799D1E3B3942001B127A /* AppDelegate.swift */ = {isa = PBXFileReference; fileEncoding = 4; lastKnownFileType = sourcecode.swift; name = AppDelegate.swift; path = MemeMe/AppDelegate.swift; sourceTree = "<group>"; };
		6756799F1E3B395F001B127A /* Assets.xcassets */ = {isa = PBXFileReference; lastKnownFileType = folder.assetcatalog; name = Assets.xcassets; path = MemeMe/Assets.xcassets; sourceTree = "<group>"; };
		675679A11E3B396C001B127A /* Info.plist */ = {isa = PBXFileReference; fileEncoding = 4; lastKnownFileType = text.plist.xml; name = Info.plist; path = MemeMe/Info.plist; sourceTree = "<group>"; };
		675679A31E3B3979001B127A /* LaunchScreen.storyboard */ = {isa = PBXFileReference; fileEncoding = 4; lastKnownFileType = file.storyboard; name = LaunchScreen.storyboard; path = MemeMe/LaunchScreen.storyboard; sourceTree = "<group>"; };
		675679A41E3B3979001B127A /* Main.storyboard */ = {isa = PBXFileReference; fileEncoding = 4; lastKnownFileType = file.storyboard; name = Main.storyboard; path = MemeMe/Main.storyboard; sourceTree = "<group>"; };
		675679AB1E3B45ED001B127A /* MemeCollectionViewCell.swift */ = {isa = PBXFileReference; fileEncoding = 4; lastKnownFileType = sourcecode.swift; path = MemeCollectionViewCell.swift; sourceTree = "<group>"; };
		675679AD1E3B6EEE001B127A /* MemeDetailViewController.swift */ = {isa = PBXFileReference; fileEncoding = 4; lastKnownFileType = sourcecode.swift; path = MemeDetailViewController.swift; sourceTree = "<group>"; };
		6757A9571E3B993000960EFC /* MemeEditorViewController.swift */ = {isa = PBXFileReference; fileEncoding = 4; lastKnownFileType = sourcecode.swift; path = MemeEditorViewController.swift; sourceTree = "<group>"; };
		67EE79581E2F714500125F49 /* MemeMe.app */ = {isa = PBXFileReference; explicitFileType = wrapper.application; includeInIndex = 0; path = MemeMe.app; sourceTree = BUILT_PRODUCTS_DIR; };
		67FB4D721E3C563F008C05B2 /* MemeTextFieldDelegate.swift */ = {isa = PBXFileReference; fileEncoding = 4; lastKnownFileType = sourcecode.swift; path = MemeTextFieldDelegate.swift; sourceTree = "<group>"; };
		67FB4D741E3C7224008C05B2 /* KeyBoardMove.swift */ = {isa = PBXFileReference; fileEncoding = 4; lastKnownFileType = sourcecode.swift; path = KeyBoardMove.swift; sourceTree = "<group>"; };
/* End PBXFileReference section */

/* Begin PBXFrameworksBuildPhase section */
		67EE79551E2F714500125F49 /* Frameworks */ = {
			isa = PBXFrameworksBuildPhase;
			buildActionMask = 2147483647;
			files = (
			);
			runOnlyForDeploymentPostprocessing = 0;
		};
/* End PBXFrameworksBuildPhase section */

/* Begin PBXGroup section */
		6756798C1E3B38D2001B127A /* MemeMe */ = {
			isa = PBXGroup;
			children = (
				675679AA1E3B39FD001B127A /* source */,
				675679A91E3B39DD001B127A /* View */,
				675679A81E3B39CE001B127A /* Model */,
				675679A71E3B39A6001B127A /* Controller */,
				6756799D1E3B3942001B127A /* AppDelegate.swift */,
				6756799F1E3B395F001B127A /* Assets.xcassets */,
				675679A11E3B396C001B127A /* Info.plist */,
				675679A31E3B3979001B127A /* LaunchScreen.storyboard */,
			);
			name = MemeMe;
			sourceTree = "<group>";
		};
		675679A71E3B39A6001B127A /* Controller */ = {
			isa = PBXGroup;
			children = (
				6757A9571E3B993000960EFC /* MemeEditorViewController.swift */,
				675679AD1E3B6EEE001B127A /* MemeDetailViewController.swift */,
				675679911E3B38F8001B127A /* MemeCollectionViewController.swift */,
				6756799B1E3B3929001B127A /* MemeTableViewController.swift */,
			);
			name = Controller;
			sourceTree = "<group>";
		};
		675679A81E3B39CE001B127A /* Model */ = {
			isa = PBXGroup;
			children = (
				675679931E3B390B001B127A /* Meme.swift */,
			);
			name = Model;
			sourceTree = "<group>";
		};
		675679A91E3B39DD001B127A /* View */ = {
			isa = PBXGroup;
			children = (
				675679991E3B3924001B127A /* MemeTableViewCell.swift */,
				675679A41E3B3979001B127A /* Main.storyboard */,
				675679AB1E3B45ED001B127A /* MemeCollectionViewCell.swift */,
			);
			name = View;
			sourceTree = "<group>";
		};
		675679AA1E3B39FD001B127A /* source */ = {
			isa = PBXGroup;
			children = (
				67FB4D721E3C563F008C05B2 /* MemeTextFieldDelegate.swift */,
				67FB4D741E3C7224008C05B2 /* KeyBoardMove.swift */,
			);
			name = source;
			sourceTree = "<group>";
		};
		67EE794F1E2F714500125F49 = {
			isa = PBXGroup;
			children = (
				6756798C1E3B38D2001B127A /* MemeMe */,
				67EE79591E2F714500125F49 /* Products */,
			);
			sourceTree = "<group>";
		};
		67EE79591E2F714500125F49 /* Products */ = {
			isa = PBXGroup;
			children = (
				67EE79581E2F714500125F49 /* MemeMe.app */,
			);
			name = Products;
			sourceTree = "<group>";
		};
/* End PBXGroup section */

/* Begin PBXNativeTarget section */
		67EE79571E2F714500125F49 /* MemeMe */ = {
			isa = PBXNativeTarget;
			buildConfigurationList = 67EE796A1E2F714500125F49 /* Build configuration list for PBXNativeTarget "MemeMe" */;
			buildPhases = (
				67EE79541E2F714500125F49 /* Sources */,
				67EE79551E2F714500125F49 /* Frameworks */,
				67EE79561E2F714500125F49 /* Resources */,
			);
			buildRules = (
			);
			dependencies = (
			);
			name = MemeMe;
			productName = MemeMe;
			productReference = 67EE79581E2F714500125F49 /* MemeMe.app */;
			productType = "com.apple.product-type.application";
		};
/* End PBXNativeTarget section */

/* Begin PBXProject section */
		67EE79501E2F714500125F49 /* Project object */ = {
			isa = PBXProject;
			attributes = {
				LastSwiftUpdateCheck = 0820;
				LastUpgradeCheck = 0820;
				ORGANIZATIONNAME = Udacity;
				TargetAttributes = {
					67EE79571E2F714500125F49 = {
						CreatedOnToolsVersion = 8.2.1;
						DevelopmentTeam = 6GK85R4835;
						ProvisioningStyle = Automatic;
					};
				};
			};
			buildConfigurationList = 67EE79531E2F714500125F49 /* Build configuration list for PBXProject "MemeMe" */;
			compatibilityVersion = "Xcode 3.2";
			developmentRegion = English;
			hasScannedForEncodings = 0;
			knownRegions = (
				en,
				Base,
			);
			mainGroup = 67EE794F1E2F714500125F49;
			productRefGroup = 67EE79591E2F714500125F49 /* Products */;
			projectDirPath = "";
			projectRoot = "";
			targets = (
				67EE79571E2F714500125F49 /* MemeMe */,
			);
		};
/* End PBXProject section */

/* Begin PBXResourcesBuildPhase section */
		67EE79561E2F714500125F49 /* Resources */ = {
			isa = PBXResourcesBuildPhase;
			buildActionMask = 2147483647;
			files = (
				675679A01E3B395F001B127A /* Assets.xcassets in Resources */,
				675679A61E3B3979001B127A /* Main.storyboard in Resources */,
				675679A51E3B3979001B127A /* LaunchScreen.storyboard in Resources */,
				675679A21E3B396C001B127A /* Info.plist in Resources */,
			);
			runOnlyForDeploymentPostprocessing = 0;
		};
/* End PBXResourcesBuildPhase section */

/* Begin PBXSourcesBuildPhase section */
		67EE79541E2F714500125F49 /* Sources */ = {
			isa = PBXSourcesBuildPhase;
			buildActionMask = 2147483647;
			files = (
				675679AE1E3B6EEE001B127A /* MemeDetailViewController.swift in Sources */,
				675679941E3B390B001B127A /* Meme.swift in Sources */,
				675679AC1E3B45ED001B127A /* MemeCollectionViewCell.swift in Sources */,
				6757A9581E3B993000960EFC /* MemeEditorViewController.swift in Sources */,
				67FB4D731E3C563F008C05B2 /* MemeTextFieldDelegate.swift in Sources */,
				67FB4D751E3C7224008C05B2 /* KeyBoardMove.swift in Sources */,
				6756799A1E3B3924001B127A /* MemeTableViewCell.swift in Sources */,
				6756799C1E3B3929001B127A /* MemeTableViewController.swift in Sources */,
				6756799E1E3B3942001B127A /* AppDelegate.swift in Sources */,
				675679921E3B38F8001B127A /* MemeCollectionViewController.swift in Sources */,
			);
			runOnlyForDeploymentPostprocessing = 0;
		};
/* End PBXSourcesBuildPhase section */

/* Begin XCBuildConfiguration section */
		67EE79681E2F714500125F49 /* Debug */ = {
			isa = XCBuildConfiguration;
			buildSettings = {
				ALWAYS_SEARCH_USER_PATHS = NO;
				CLANG_ANALYZER_NONNULL = YES;
				CLANG_CXX_LANGUAGE_STANDARD = "gnu++0x";
				CLANG_CXX_LIBRARY = "libc++";
				CLANG_ENABLE_MODULES = YES;
				CLANG_ENABLE_OBJC_ARC = YES;
				CLANG_WARN_BOOL_CONVERSION = YES;
				CLANG_WARN_CONSTANT_CONVERSION = YES;
				CLANG_WARN_DIRECT_OBJC_ISA_USAGE = YES_ERROR;
				CLANG_WARN_DOCUMENTATION_COMMENTS = YES;
				CLANG_WARN_EMPTY_BODY = YES;
				CLANG_WARN_ENUM_CONVERSION = YES;
				CLANG_WARN_INFINITE_RECURSION = YES;
				CLANG_WARN_INT_CONVERSION = YES;
				CLANG_WARN_OBJC_ROOT_CLASS = YES_ERROR;
				CLANG_WARN_SUSPICIOUS_MOVE = YES;
				CLANG_WARN_UNREACHABLE_CODE = YES;
				CLANG_WARN__DUPLICATE_METHOD_MATCH = YES;
				"CODE_SIGN_IDENTITY[sdk=iphoneos*]" = "iPhone Developer";
				COPY_PHASE_STRIP = NO;
				DEBUG_INFORMATION_FORMAT = dwarf;
				ENABLE_STRICT_OBJC_MSGSEND = YES;
				ENABLE_TESTABILITY = YES;
				GCC_C_LANGUAGE_STANDARD = gnu99;
				GCC_DYNAMIC_NO_PIC = NO;
				GCC_NO_COMMON_BLOCKS = YES;
				GCC_OPTIMIZATION_LEVEL = 0;
				GCC_PREPROCESSOR_DEFINITIONS = (
					"DEBUG=1",
					"$(inherited)",
				);
				GCC_WARN_64_TO_32_BIT_CONVERSION = YES;
				GCC_WARN_ABOUT_RETURN_TYPE = YES_ERROR;
				GCC_WARN_UNDECLARED_SELECTOR = YES;
				GCC_WARN_UNINITIALIZED_AUTOS = YES_AGGRESSIVE;
				GCC_WARN_UNUSED_FUNCTION = YES;
				GCC_WARN_UNUSED_VARIABLE = YES;
				IPHONEOS_DEPLOYMENT_TARGET = 10.2;
				MTL_ENABLE_DEBUG_INFO = YES;
				ONLY_ACTIVE_ARCH = YES;
				SDKROOT = iphoneos;
				SWIFT_ACTIVE_COMPILATION_CONDITIONS = DEBUG;
				SWIFT_OPTIMIZATION_LEVEL = "-Onone";
				TARGETED_DEVICE_FAMILY = "1,2";
			};
			name = Debug;
		};
		67EE79691E2F714500125F49 /* Release */ = {
			isa = XCBuildConfiguration;
			buildSettings = {
				ALWAYS_SEARCH_USER_PATHS = NO;
				CLANG_ANALYZER_NONNULL = YES;
				CLANG_CXX_LANGUAGE_STANDARD = "gnu++0x";
				CLANG_CXX_LIBRARY = "libc++";
				CLANG_ENABLE_MODULES = YES;
				CLANG_ENABLE_OBJC_ARC = YES;
				CLANG_WARN_BOOL_CONVERSION = YES;
				CLANG_WARN_CONSTANT_CONVERSION = YES;
				CLANG_WARN_DIRECT_OBJC_ISA_USAGE = YES_ERROR;
				CLANG_WARN_DOCUMENTATION_COMMENTS = YES;
				CLANG_WARN_EMPTY_BODY = YES;
				CLANG_WARN_ENUM_CONVERSION = YES;
				CLANG_WARN_INFINITE_RECURSION = YES;
				CLANG_WARN_INT_CONVERSION = YES;
				CLANG_WARN_OBJC_ROOT_CLASS = YES_ERROR;
				CLANG_WARN_SUSPICIOUS_MOVE = YES;
				CLANG_WARN_UNREACHABLE_CODE = YES;
				CLANG_WARN__DUPLICATE_METHOD_MATCH = YES;
				"CODE_SIGN_IDENTITY[sdk=iphoneos*]" = "iPhone Developer";
				COPY_PHASE_STRIP = NO;
				DEBUG_INFORMATION_FORMAT = "dwarf-with-dsym";
				ENABLE_NS_ASSERTIONS = NO;
				ENABLE_STRICT_OBJC_MSGSEND = YES;
				GCC_C_LANGUAGE_STANDARD = gnu99;
				GCC_NO_COMMON_BLOCKS = YES;
				GCC_WARN_64_TO_32_BIT_CONVERSION = YES;
				GCC_WARN_ABOUT_RETURN_TYPE = YES_ERROR;
				GCC_WARN_UNDECLARED_SELECTOR = YES;
				GCC_WARN_UNINITIALIZED_AUTOS = YES_AGGRESSIVE;
				GCC_WARN_UNUSED_FUNCTION = YES;
				GCC_WARN_UNUSED_VARIABLE = YES;
				IPHONEOS_DEPLOYMENT_TARGET = 10.2;
				MTL_ENABLE_DEBUG_INFO = NO;
				SDKROOT = iphoneos;
				SWIFT_OPTIMIZATION_LEVEL = "-Owholemodule";
				TARGETED_DEVICE_FAMILY = "1,2";
				VALIDATE_PRODUCT = YES;
			};
			name = Release;
		};
		67EE796B1E2F714500125F49 /* Debug */ = {
			isa = XCBuildConfiguration;
			buildSettings = {
				ASSETCATALOG_COMPILER_APPICON_NAME = AppIcon;
				DEVELOPMENT_TEAM = 6GK85R4835;
				INFOPLIST_FILE = MemeMe/Info.plist;
				LD_RUNPATH_SEARCH_PATHS = "$(inherited) @executable_path/Frameworks";
				PRODUCT_BUNDLE_IDENTIFIER = com.swiftness.MemeMe;
				PRODUCT_NAME = "$(TARGET_NAME)";
				SWIFT_VERSION = 3.0;
			};
			name = Debug;
		};
		67EE796C1E2F714500125F49 /* Release */ = {
			isa = XCBuildConfiguration;
			buildSettings = {
				ASSETCATALOG_COMPILER_APPICON_NAME = AppIcon;
				DEVELOPMENT_TEAM = 6GK85R4835;
				INFOPLIST_FILE = MemeMe/Info.plist;
				LD_RUNPATH_SEARCH_PATHS = "$(inherited) @executable_path/Frameworks";
				PRODUCT_BUNDLE_IDENTIFIER = com.swiftness.MemeMe;
				PRODUCT_NAME = "$(TARGET_NAME)";
				SWIFT_VERSION = 3.0;
			};
			name = Release;
		};
/* End XCBuildConfiguration section */

/* Begin XCConfigurationList section */
		67EE79531E2F714500125F49 /* Build configuration list for PBXProject "MemeMe" */ = {
			isa = XCConfigurationList;
			buildConfigurations = (
				67EE79681E2F714500125F49 /* Debug */,
				67EE79691E2F714500125F49 /* Release */,
			);
			defaultConfigurationIsVisible = 0;
			defaultConfigurationName = Release;
		};
		67EE796A1E2F714500125F49 /* Build configuration list for PBXNativeTarget "MemeMe" */ = {
			isa = XCConfigurationList;
			buildConfigurations = (
				67EE796B1E2F714500125F49 /* Debug */,
				67EE796C1E2F714500125F49 /* Release */,
			);
			defaultConfigurationIsVisible = 0;
			defaultConfigurationName = Release;
		};
/* End XCConfigurationList section */
	};
	rootObject = 67EE79501E2F714500125F49 /* Project object */;
}
