// !$*UTF8*$!
{
	archiveVersion = 1;
	classes = {
	};
	objectVersion = 46;
	objects = {

/* Begin PBXBuildFile section */
		67BF2B611E3A56FA00DE13D3 /* Meme.swift in Sources */ = {isa = PBXBuildFile; fileRef = 67BF2B601E3A56FA00DE13D3 /* Meme.swift */; };
		67BF2B631E3A5A1600DE13D3 /* MemeTableViewController.swift in Sources */ = {isa = PBXBuildFile; fileRef = 67BF2B621E3A5A1600DE13D3 /* MemeTableViewController.swift */; };
		67BF2B651E3A5B7800DE13D3 /* MemeCollectionViewController.swift in Sources */ = {isa = PBXBuildFile; fileRef = 67BF2B641E3A5B7800DE13D3 /* MemeCollectionViewController.swift */; };
		67EE795C1E2F714500125F49 /* AppDelegate.swift in Sources */ = {isa = PBXBuildFile; fileRef = 67EE795B1E2F714500125F49 /* AppDelegate.swift */; };
		67EE795E1E2F714500125F49 /* MemeEditorViewController.swift in Sources */ = {isa = PBXBuildFile; fileRef = 67EE795D1E2F714500125F49 /* MemeEditorViewController.swift */; };
		67EE79611E2F714500125F49 /* Main.storyboard in Resources */ = {isa = PBXBuildFile; fileRef = 67EE795F1E2F714500125F49 /* Main.storyboard */; };
		67EE79631E2F714500125F49 /* Assets.xcassets in Resources */ = {isa = PBXBuildFile; fileRef = 67EE79621E2F714500125F49 /* Assets.xcassets */; };
		67EE79661E2F714500125F49 /* LaunchScreen.storyboard in Resources */ = {isa = PBXBuildFile; fileRef = 67EE79641E2F714500125F49 /* LaunchScreen.storyboard */; };
/* End PBXBuildFile section */

/* Begin PBXFileReference section */
		67BF2B601E3A56FA00DE13D3 /* Meme.swift */ = {isa = PBXFileReference; fileEncoding = 4; lastKnownFileType = sourcecode.swift; path = Meme.swift; sourceTree = "<group>"; };
		67BF2B621E3A5A1600DE13D3 /* MemeTableViewController.swift */ = {isa = PBXFileReference; fileEncoding = 4; lastKnownFileType = sourcecode.swift; path = MemeTableViewController.swift; sourceTree = "<group>"; };
		67BF2B641E3A5B7800DE13D3 /* MemeCollectionViewController.swift */ = {isa = PBXFileReference; fileEncoding = 4; lastKnownFileType = sourcecode.swift; path = MemeCollectionViewController.swift; sourceTree = "<group>"; };
		67EE79581E2F714500125F49 /* MemeMe.app */ = {isa = PBXFileReference; explicitFileType = wrapper.application; includeInIndex = 0; path = MemeMe.app; sourceTree = BUILT_PRODUCTS_DIR; };
		67EE795B1E2F714500125F49 /* AppDelegate.swift */ = {isa = PBXFileReference; lastKnownFileType = sourcecode.swift; path = AppDelegate.swift; sourceTree = "<group>"; };
		67EE795D1E2F714500125F49 /* MemeEditorViewController.swift */ = {isa = PBXFileReference; lastKnownFileType = sourcecode.swift; path = MemeEditorViewController.swift; sourceTree = "<group>"; };
		67EE79601E2F714500125F49 /* Base */ = {isa = PBXFileReference; lastKnownFileType = file.storyboard; name = Base; path = Base.lproj/Main.storyboard; sourceTree = "<group>"; };
		67EE79621E2F714500125F49 /* Assets.xcassets */ = {isa = PBXFileReference; lastKnownFileType = folder.assetcatalog; path = Assets.xcassets; sourceTree = "<group>"; };
		67EE79651E2F714500125F49 /* Base */ = {isa = PBXFileReference; lastKnownFileType = file.storyboard; name = Base; path = Base.lproj/LaunchScreen.storyboard; sourceTree = "<group>"; };
		67EE79671E2F714500125F49 /* Info.plist */ = {isa = PBXFileReference; lastKnownFileType = text.plist.xml; path = Info.plist; sourceTree = "<group>"; };
/* End PBXFileReference section */

/* Begin PBXFrameworksBuildPhase section */
		67EE79551E2F714500125F49 /* Frameworks */ = {
			isa = PBXFrameworksBuildPhase;
			buildActionMask = 2147483647;
			files = (
			);
			runOnlyForDeploymentPostprocessing = 0;
		};
/* End PBXFrameworksBuildPhase section */

/* Begin PBXGroup section */
		67EE794F1E2F714500125F49 = {
			isa = PBXGroup;
			children = (
				67EE795A1E2F714500125F49 /* MemeMe */,
				67EE79591E2F714500125F49 /* Products */,
			);
			sourceTree = "<group>";
		};
		67EE79591E2F714500125F49 /* Products */ = {
			isa = PBXGroup;
			children = (
				67EE79581E2F714500125F49 /* MemeMe.app */,
			);
			name = Products;
			sourceTree = "<group>";
		};
		67EE795A1E2F714500125F49 /* MemeMe */ = {
			isa = PBXGroup;
			children = (
				67EE795B1E2F714500125F49 /* AppDelegate.swift */,
				67BF2B601E3A56FA00DE13D3 /* Meme.swift */,
				67EE795D1E2F714500125F49 /* MemeEditorViewController.swift */,
				67BF2B641E3A5B7800DE13D3 /* MemeCollectionViewController.swift */,
				67EE795F1E2F714500125F49 /* Main.storyboard */,
				67BF2B621E3A5A1600DE13D3 /* MemeTableViewController.swift */,
				67EE79621E2F714500125F49 /* Assets.xcassets */,
				67EE79641E2F714500125F49 /* LaunchScreen.storyboard */,
				67EE79671E2F714500125F49 /* Info.plist */,
			);
			path = MemeMe;
			sourceTree = "<group>";
		};
/* End PBXGroup section */

/* Begin PBXNativeTarget section */
		67EE79571E2F714500125F49 /* MemeMe */ = {
			isa = PBXNativeTarget;
			buildConfigurationList = 67EE796A1E2F714500125F49 /* Build configuration list for PBXNativeTarget "MemeMe" */;
			buildPhases = (
				67EE79541E2F714500125F49 /* Sources */,
				67EE79551E2F714500125F49 /* Frameworks */,
				67EE79561E2F714500125F49 /* Resources */,
			);
			buildRules = (
			);
			dependencies = (
			);
			name = MemeMe;
			productName = MemeMe;
			productReference = 67EE79581E2F714500125F49 /* MemeMe.app */;
			productType = "com.apple.product-type.application";
		};
/* End PBXNativeTarget section */

/* Begin PBXProject section */
		67EE79501E2F714500125F49 /* Project object */ = {
			isa = PBXProject;
			attributes = {
				LastSwiftUpdateCheck = 0820;
				LastUpgradeCheck = 0820;
				ORGANIZATIONNAME = Udacity;
				TargetAttributes = {
					67EE79571E2F714500125F49 = {
						CreatedOnToolsVersion = 8.2.1;
						DevelopmentTeam = 6GK85R4835;
						ProvisioningStyle = Automatic;
					};
				};
			};
			buildConfigurationList = 67EE79531E2F714500125F49 /* Build configuration list for PBXProject "MemeMe" */;
			compatibilityVersion = "Xcode 3.2";
			developmentRegion = English;
			hasScannedForEncodings = 0;
			knownRegions = (
				en,
				Base,
			);
			mainGroup = 67EE794F1E2F714500125F49;
			productRefGroup = 67EE79591E2F714500125F49 /* Products */;
			projectDirPath = "";
			projectRoot = "";
			targets = (
				67EE79571E2F714500125F49 /* MemeMe */,
			);
		};
/* End PBXProject section */

/* Begin PBXResourcesBuildPhase section */
		67EE79561E2F714500125F49 /* Resources */ = {
			isa = PBXResourcesBuildPhase;
			buildActionMask = 2147483647;
			files = (
				67EE79661E2F714500125F49 /* LaunchScreen.storyboard in Resources */,
				67EE79631E2F714500125F49 /* Assets.xcassets in Resources */,
				67EE79611E2F714500125F49 /* Main.storyboard in Resources */,
			);
			runOnlyForDeploymentPostprocessing = 0;
		};
/* End PBXResourcesBuildPhase section */

/* Begin PBXSourcesBuildPhase section */
		67EE79541E2F714500125F49 /* Sources */ = {
			isa = PBXSourcesBuildPhase;
			buildActionMask = 2147483647;
			files = (
				67BF2B611E3A56FA00DE13D3 /* Meme.swift in Sources */,
				67EE795E1E2F714500125F49 /* MemeEditorViewController.swift in Sources */,
				67BF2B651E3A5B7800DE13D3 /* MemeCollectionViewController.swift in Sources */,
				67EE795C1E2F714500125F49 /* AppDelegate.swift in Sources */,
				67BF2B631E3A5A1600DE13D3 /* MemeTableViewController.swift in Sources */,
			);
			runOnlyForDeploymentPostprocessing = 0;
		};
/* End PBXSourcesBuildPhase section */

/* Begin PBXVariantGroup section */
		67EE795F1E2F714500125F49 /* Main.storyboard */ = {
			isa = PBXVariantGroup;
			children = (
				67EE79601E2F714500125F49 /* Base */,
			);
			name = Main.storyboard;
			sourceTree = "<group>";
		};
		67EE79641E2F714500125F49 /* LaunchScreen.storyboard */ = {
			isa = PBXVariantGroup;
			children = (
				67EE79651E2F714500125F49 /* Base */,
			);
			name = LaunchScreen.storyboard;
			sourceTree = "<group>";
		};
/* End PBXVariantGroup section */

/* Begin XCBuildConfiguration section */
		67EE79681E2F714500125F49 /* Debug */ = {
			isa = XCBuildConfiguration;
			buildSettings = {
				ALWAYS_SEARCH_USER_PATHS = NO;
				CLANG_ANALYZER_NONNULL = YES;
				CLANG_CXX_LANGUAGE_STANDARD = "gnu++0x";
				CLANG_CXX_LIBRARY = "libc++";
				CLANG_ENABLE_MODULES = YES;
				CLANG_ENABLE_OBJC_ARC = YES;
				CLANG_WARN_BOOL_CONVERSION = YES;
				CLANG_WARN_CONSTANT_CONVERSION = YES;
				CLANG_WARN_DIRECT_OBJC_ISA_USAGE = YES_ERROR;
				CLANG_WARN_DOCUMENTATION_COMMENTS = YES;
				CLANG_WARN_EMPTY_BODY = YES;
				CLANG_WARN_ENUM_CONVERSION = YES;
				CLANG_WARN_INFINITE_RECURSION = YES;
				CLANG_WARN_INT_CONVERSION = YES;
				CLANG_WARN_OBJC_ROOT_CLASS = YES_ERROR;
				CLANG_WARN_SUSPICIOUS_MOVE = YES;
				CLANG_WARN_UNREACHABLE_CODE = YES;
				CLANG_WARN__DUPLICATE_METHOD_MATCH = YES;
				"CODE_SIGN_IDENTITY[sdk=iphoneos*]" = "iPhone Developer";
				COPY_PHASE_STRIP = NO;
				DEBUG_INFORMATION_FORMAT = dwarf;
				ENABLE_STRICT_OBJC_MSGSEND = YES;
				ENABLE_TESTABILITY = YES;
				GCC_C_LANGUAGE_STANDARD = gnu99;
				GCC_DYNAMIC_NO_PIC = NO;
				GCC_NO_COMMON_BLOCKS = YES;
				GCC_OPTIMIZATION_LEVEL = 0;
				GCC_PREPROCESSOR_DEFINITIONS = (
					"DEBUG=1",
					"$(inherited)",
				);
				GCC_WARN_64_TO_32_BIT_CONVERSION = YES;
				GCC_WARN_ABOUT_RETURN_TYPE = YES_ERROR;
				GCC_WARN_UNDECLARED_SELECTOR = YES;
				GCC_WARN_UNINITIALIZED_AUTOS = YES_AGGRESSIVE;
				GCC_WARN_UNUSED_FUNCTION = YES;
				GCC_WARN_UNUSED_VARIABLE = YES;
				IPHONEOS_DEPLOYMENT_TARGET = 10.2;
				MTL_ENABLE_DEBUG_INFO = YES;
				ONLY_ACTIVE_ARCH = YES;
				SDKROOT = iphoneos;
				SWIFT_ACTIVE_COMPILATION_CONDITIONS = DEBUG;
				SWIFT_OPTIMIZATION_LEVEL = "-Onone";
				TARGETED_DEVICE_FAMILY = "1,2";
			};
			name = Debug;
		};
		67EE79691E2F714500125F49 /* Release */ = {
			isa = XCBuildConfiguration;
			buildSettings = {
				ALWAYS_SEARCH_USER_PATHS = NO;
				CLANG_ANALYZER_NONNULL = YES;
				CLANG_CXX_LANGUAGE_STANDARD = "gnu++0x";
				CLANG_CXX_LIBRARY = "libc++";
				CLANG_ENABLE_MODULES = YES;
				CLANG_ENABLE_OBJC_ARC = YES;
				CLANG_WARN_BOOL_CONVERSION = YES;
				CLANG_WARN_CONSTANT_CONVERSION = YES;
				CLANG_WARN_DIRECT_OBJC_ISA_USAGE = YES_ERROR;
				CLANG_WARN_DOCUMENTATION_COMMENTS = YES;
				CLANG_WARN_EMPTY_BODY = YES;
				CLANG_WARN_ENUM_CONVERSION = YES;
				CLANG_WARN_INFINITE_RECURSION = YES;
				CLANG_WARN_INT_CONVERSION = YES;
				CLANG_WARN_OBJC_ROOT_CLASS = YES_ERROR;
				CLANG_WARN_SUSPICIOUS_MOVE = YES;
				CLANG_WARN_UNREACHABLE_CODE = YES;
				CLANG_WARN__DUPLICATE_METHOD_MATCH = YES;
				"CODE_SIGN_IDENTITY[sdk=iphoneos*]" = "iPhone Developer";
				COPY_PHASE_STRIP = NO;
				DEBUG_INFORMATION_FORMAT = "dwarf-with-dsym";
				ENABLE_NS_ASSERTIONS = NO;
				ENABLE_STRICT_OBJC_MSGSEND = YES;
				GCC_C_LANGUAGE_STANDARD = gnu99;
				GCC_NO_COMMON_BLOCKS = YES;
				GCC_WARN_64_TO_32_BIT_CONVERSION = YES;
				GCC_WARN_ABOUT_RETURN_TYPE = YES_ERROR;
				GCC_WARN_UNDECLARED_SELECTOR = YES;
				GCC_WARN_UNINITIALIZED_AUTOS = YES_AGGRESSIVE;
				GCC_WARN_UNUSED_FUNCTION = YES;
				GCC_WARN_UNUSED_VARIABLE = YES;
				IPHONEOS_DEPLOYMENT_TARGET = 10.2;
				MTL_ENABLE_DEBUG_INFO = NO;
				SDKROOT = iphoneos;
				SWIFT_OPTIMIZATION_LEVEL = "-Owholemodule";
				TARGETED_DEVICE_FAMILY = "1,2";
				VALIDATE_PRODUCT = YES;
			};
			name = Release;
		};
		67EE796B1E2F714500125F49 /* Debug */ = {
			isa = XCBuildConfiguration;
			buildSettings = {
				ASSETCATALOG_COMPILER_APPICON_NAME = AppIcon;
				DEVELOPMENT_TEAM = 6GK85R4835;
				INFOPLIST_FILE = MemeMe/Info.plist;
				LD_RUNPATH_SEARCH_PATHS = "$(inherited) @executable_path/Frameworks";
				PRODUCT_BUNDLE_IDENTIFIER = com.swiftness.MemeMe;
				PRODUCT_NAME = "$(TARGET_NAME)";
				SWIFT_VERSION = 3.0;
			};
			name = Debug;
		};
		67EE796C1E2F714500125F49 /* Release */ = {
			isa = XCBuildConfiguration;
			buildSettings = {
				ASSETCATALOG_COMPILER_APPICON_NAME = AppIcon;
				DEVELOPMENT_TEAM = 6GK85R4835;
				INFOPLIST_FILE = MemeMe/Info.plist;
				LD_RUNPATH_SEARCH_PATHS = "$(inherited) @executable_path/Frameworks";
				PRODUCT_BUNDLE_IDENTIFIER = com.swiftness.MemeMe;
				PRODUCT_NAME = "$(TARGET_NAME)";
				SWIFT_VERSION = 3.0;
			};
			name = Release;
		};
/* End XCBuildConfiguration section */

/* Begin XCConfigurationList section */
		67EE79531E2F714500125F49 /* Build configuration list for PBXProject "MemeMe" */ = {
			isa = XCConfigurationList;
			buildConfigurations = (
				67EE79681E2F714500125F49 /* Debug */,
				67EE79691E2F714500125F49 /* Release */,
			);
			defaultConfigurationIsVisible = 0;
			defaultConfigurationName = Release;
		};
		67EE796A1E2F714500125F49 /* Build configuration list for PBXNativeTarget "MemeMe" */ = {
			isa = XCConfigurationList;
			buildConfigurations = (
				67EE796B1E2F714500125F49 /* Debug */,
				67EE796C1E2F714500125F49 /* Release */,
			);
			defaultConfigurationIsVisible = 0;
			defaultConfigurationName = Release;
		};
/* End XCConfigurationList section */
	};
	rootObject = 67EE79501E2F714500125F49 /* Project object */;
}
